{
  "name": "newpost",
  "version": "1.0.0",
  "lockfileVersion": 1,
  "requires": true,
  "dependencies": {
    "normalize.css": {
      "version": "8.0.1",
      "resolved": "https://registry.npmjs.org/normalize.css/-/normalize.css-8.0.1.tgz",
      "integrity": "sha512-qizSNPO93t1YUuUhP22btGOo3chcvDFqFaj2TRybP0DMxkHOCTYwp3n34fel4a31ORXy4m1Xq0Gyqpb5m33qIg=="
    },
    "reset-css": {
      "version": "5.0.1",
      "resolved": "https://registry.npmjs.org/reset-css/-/reset-css-5.0.1.tgz",
      "integrity": "sha512-VyuJdNFfp5x/W6e5wauJM59C02Vs0P22sxzZGhQMPaqu/NGTeFxlBFOOw3eq9vQd19gIDdZp7zi89ylyKOJ33Q=="
    }
  }
}
